
Microsoft Visual Studio Solution File, Format Version 12.00
# Visual Studio 15
VisualStudioVersion = 15.0.27703.2000
MinimumVisualStudioVersion = 10.0.40219.1
Project("{FAE04EC0-301F-11D3-BF4B-00C04F79EFBC}") = "SmartPainting", "SmartPainting\SmartPainting.csproj", "{EBC955FE-615A-4840-9826-A4AACDD6D1D1}"
EndProject
Global
	GlobalSection(SolutionConfigurationPlatforms) = preSolution
		Debug|Any CPU = Debug|Any CPU
		Release|Any CPU = Release|Any CPU
	EndGlobalSection
	GlobalSection(ProjectConfigurationPlatforms) = postSolution
		{EBC955FE-615A-4840-9826-A4AACDD6D1D1}.Debug|Any CPU.ActiveCfg = Debug|Any CPU
		{EBC955FE-615A-4840-9826-A4AACDD6D1D1}.Debug|Any CPU.Build.0 = Debug|Any CPU
		{EBC955FE-615A-4840-9826-A4AACDD6D1D1}.Release|Any CPU.ActiveCfg = Release|Any CPU
		{EBC955FE-615A-4840-9826-A4AACDD6D1D1}.Release|Any CPU.Build.0 = Release|Any CPU
	EndGlobalSection
	GlobalSection(SolutionProperties) = preSolution
		HideSolutionNode = FALSE
	EndGlobalSection
	GlobalSection(ExtensibilityGlobals) = postSolution
		SolutionGuid = {602CA570-F91A-40BC-9723-C5F7687527B1}
	EndGlobalSection
EndGlobal
